
Microsoft Visual Studio Solution File, Format Version 12.00
# Visual Studio Version 17
VisualStudioVersion = 17.4.33205.214
MinimumVisualStudioVersion = 10.0.40219.1
Project("{8BC9CEB8-8B4A-11D0-8D11-00A0C91BC942}") = "RK2", "RK2\RK2.vcxproj", "{9CF82244-6A52-4404-8F83-86357D446486}"
EndProject
Global
	GlobalSection(SolutionConfigurationPlatforms) = preSolution
		Debug|x64 = Debug|x64
		Debug|x86 = Debug|x86
		Release|x64 = Release|x64
		Release|x86 = Release|x86
	EndGlobalSection
	GlobalSection(ProjectConfigurationPlatforms) = postSolution
		{9CF82244-6A52-4404-8F83-86357D446486}.Debug|x64.ActiveCfg = Debug|x64
		{9CF82244-6A52-4404-8F83-86357D446486}.Debug|x64.Build.0 = Debug|x64
		{9CF82244-6A52-4404-8F83-86357D446486}.Debug|x86.ActiveCfg = Debug|Win32
		{9CF82244-6A52-4404-8F83-86357D446486}.Debug|x86.Build.0 = Debug|Win32
		{9CF82244-6A52-4404-8F83-86357D446486}.Release|x64.ActiveCfg = Release|x64
		{9CF82244-6A52-4404-8F83-86357D446486}.Release|x64.Build.0 = Release|x64
		{9CF82244-6A52-4404-8F83-86357D446486}.Release|x86.ActiveCfg = Release|Win32
		{9CF82244-6A52-4404-8F83-86357D446486}.Release|x86.Build.0 = Release|Win32
	EndGlobalSection
	GlobalSection(SolutionProperties) = preSolution
		HideSolutionNode = FALSE
	EndGlobalSection
	GlobalSection(ExtensibilityGlobals) = postSolution
		SolutionGuid = {628656E6-C52F-42BA-A3F3-ED6CD0A70566}
	EndGlobalSection
EndGlobal
